
Microsoft Visual Studio Solution File, Format Version 12.00
# Visual Studio Version 16
VisualStudioVersion = 16.0.31729.503
MinimumVisualStudioVersion = 10.0.40219.1
Project("{C7167F0D-BC9F-4E6E-AFE1-012C56B48DB5}") = "ExportGridControl (Package)", "ExportGridControl\ExportGridControl (Package)\ExportGridControl (Package).wapproj", "{9CA08F3F-CF73-40FB-B02A-777EA13533B8}"
EndProject
Project("{F184B08F-C81C-45F6-A57F-5ABD9991F28F}") = "ExportGridControl", "ExportGridControl\ExportGridControl\ExportGridControl.vbproj", "{39B6FF84-2308-4CB3-A3B9-431578F9C913}"
EndProject
Global
	GlobalSection(SolutionConfigurationPlatforms) = preSolution
		Debug|arm64 = Debug|arm64
		Debug|x64 = Debug|x64
		Debug|x86 = Debug|x86
		Release|arm64 = Release|arm64
		Release|x64 = Release|x64
		Release|x86 = Release|x86
	EndGlobalSection
	GlobalSection(ProjectConfigurationPlatforms) = postSolution
		{9CA08F3F-CF73-40FB-B02A-777EA13533B8}.Debug|arm64.ActiveCfg = Debug|arm64
		{9CA08F3F-CF73-40FB-B02A-777EA13533B8}.Debug|arm64.Build.0 = Debug|arm64
		{9CA08F3F-CF73-40FB-B02A-777EA13533B8}.Debug|arm64.Deploy.0 = Debug|arm64
		{9CA08F3F-CF73-40FB-B02A-777EA13533B8}.Debug|x64.ActiveCfg = Debug|x64
		{9CA08F3F-CF73-40FB-B02A-777EA13533B8}.Debug|x64.Build.0 = Debug|x64
		{9CA08F3F-CF73-40FB-B02A-777EA13533B8}.Debug|x64.Deploy.0 = Debug|x64
		{9CA08F3F-CF73-40FB-B02A-777EA13533B8}.Debug|x86.ActiveCfg = Debug|x86
		{9CA08F3F-CF73-40FB-B02A-777EA13533B8}.Debug|x86.Build.0 = Debug|x86
		{9CA08F3F-CF73-40FB-B02A-777EA13533B8}.Debug|x86.Deploy.0 = Debug|x86
		{9CA08F3F-CF73-40FB-B02A-777EA13533B8}.Release|arm64.ActiveCfg = Release|arm64
		{9CA08F3F-CF73-40FB-B02A-777EA13533B8}.Release|arm64.Build.0 = Release|arm64
		{9CA08F3F-CF73-40FB-B02A-777EA13533B8}.Release|arm64.Deploy.0 = Release|arm64
		{9CA08F3F-CF73-40FB-B02A-777EA13533B8}.Release|x64.ActiveCfg = Release|x64
		{9CA08F3F-CF73-40FB-B02A-777EA13533B8}.Release|x64.Build.0 = Release|x64
		{9CA08F3F-CF73-40FB-B02A-777EA13533B8}.Release|x64.Deploy.0 = Release|x64
		{9CA08F3F-CF73-40FB-B02A-777EA13533B8}.Release|x86.ActiveCfg = Release|x86
		{9CA08F3F-CF73-40FB-B02A-777EA13533B8}.Release|x86.Build.0 = Release|x86
		{9CA08F3F-CF73-40FB-B02A-777EA13533B8}.Release|x86.Deploy.0 = Release|x86
		{39B6FF84-2308-4CB3-A3B9-431578F9C913}.Debug|arm64.ActiveCfg = Debug|arm64
		{39B6FF84-2308-4CB3-A3B9-431578F9C913}.Debug|arm64.Build.0 = Debug|arm64
		{39B6FF84-2308-4CB3-A3B9-431578F9C913}.Debug|x64.ActiveCfg = Debug|x64
		{39B6FF84-2308-4CB3-A3B9-431578F9C913}.Debug|x64.Build.0 = Debug|x64
		{39B6FF84-2308-4CB3-A3B9-431578F9C913}.Debug|x86.ActiveCfg = Debug|x86
		{39B6FF84-2308-4CB3-A3B9-431578F9C913}.Debug|x86.Build.0 = Debug|x86
		{39B6FF84-2308-4CB3-A3B9-431578F9C913}.Release|arm64.ActiveCfg = Release|arm64
		{39B6FF84-2308-4CB3-A3B9-431578F9C913}.Release|arm64.Build.0 = Release|arm64
		{39B6FF84-2308-4CB3-A3B9-431578F9C913}.Release|x64.ActiveCfg = Release|x64
		{39B6FF84-2308-4CB3-A3B9-431578F9C913}.Release|x64.Build.0 = Release|x64
		{39B6FF84-2308-4CB3-A3B9-431578F9C913}.Release|x86.ActiveCfg = Release|x86
		{39B6FF84-2308-4CB3-A3B9-431578F9C913}.Release|x86.Build.0 = Release|x86
	EndGlobalSection
	GlobalSection(SolutionProperties) = preSolution
		HideSolutionNode = FALSE
	EndGlobalSection
	GlobalSection(ExtensibilityGlobals) = postSolution
		SolutionGuid = {F1EBC408-0E63-4172-A864-33A2F0C00667}
	EndGlobalSection
EndGlobal
